
# cargo-vet imports lock

[[publisher.forensic-vfs]]
version = "0.7.0"
when = "2026-07-20"
user-id = 347968
user-login = "h4x0r"
user-name = "Albert Hui"

[[publisher.forensicnomicon]]
version = "1.8.1"
when = "2026-07-19"
user-id = 347968
user-login = "h4x0r"
user-name = "Albert Hui"

[[publisher.forensicnomicon-core]]
version = "1.4.0"
when = "2026-07-19"
user-id = 347968
user-login = "h4x0r"
user-name = "Albert Hui"

[[publisher.forensicnomicon-data]]
version = "1.3.2"
when = "2026-07-19"
user-id = 347968
user-login = "h4x0r"
user-name = "Albert Hui"

[[publisher.state-history-forensic]]
version = "0.1.1"
when = "2026-08-05"
user-id = 347968
user-login = "h4x0r"
user-name = "Albert Hui"

[audits.bytecode-alliance.audits]

[audits.embark.audits]

[[audits.google.audits.block-buffer]]
who = "George Burgess IV <gbiv@google.com>"
criteria = "safe-to-run"
version = "0.10.4"
aggregated-from = "https://chromium.googlesource.com/chromiumos/third_party/rust_crates/+/refs/heads/main/cargo-vet/audits.toml?format=TEXT"

[[audits.google.audits.generic-array]]
who = "George Burgess IV <gbiv@google.com>"
criteria = "safe-to-run"
version = "0.14.7"
aggregated-from = "https://chromium.googlesource.com/chromiumos/third_party/rust_crates/+/refs/heads/main/cargo-vet/audits.toml?format=TEXT"

[audits.mozilla.audits]
