
# cargo-vet imports lock

[audits.bytecode-alliance.audits]

[audits.embark.audits]

[[audits.google.audits.block-buffer]]
who = "George Burgess IV <gbiv@google.com>"
criteria = "safe-to-run"
version = "0.10.4"
aggregated-from = "https://chromium.googlesource.com/chromiumos/third_party/rust_crates/+/refs/heads/main/cargo-vet/audits.toml?format=TEXT"

[[audits.google.audits.generic-array]]
who = "George Burgess IV <gbiv@google.com>"
criteria = "safe-to-run"
version = "0.14.7"
aggregated-from = "https://chromium.googlesource.com/chromiumos/third_party/rust_crates/+/refs/heads/main/cargo-vet/audits.toml?format=TEXT"

[audits.mozilla.audits]
